
Microsoft Visual Studio Solution File, Format Version 12.00
# Visual Studio 15
VisualStudioVersion = 15.0.27004.2005
MinimumVisualStudioVersion = 10.0.40219.1
Project("{FAE04EC0-301F-11D3-BF4B-00C04F79EFBC}") = "Microsoft.Knowzy.WPF", "src\Microsoft.Knowzy.WPF\Microsoft.Knowzy.WPF.csproj", "{6AE4B565-6AE2-4FD5-8B8A-539AED27107B}"
EndProject
Project("{2150E333-8FDC-42A3-9474-1A3956D46DE8}") = "src", "src", "{494D40EA-694C-49FA-8347-840B8BF1BAD6}"
EndProject
Project("{2150E333-8FDC-42A3-9474-1A3956D46DE8}") = "Solution Items", "Solution Items", "{0202C4AB-A98F-4526-8AFB-5814E1571BF0}"
	ProjectSection(SolutionItems) = preProject
		.gitattributes = .gitattributes
		.gitignore = .gitignore
		README.md = README.md
	EndProjectSection
EndProject
Project("{FAE04EC0-301F-11D3-BF4B-00C04F79EFBC}") = "Microsoft.Knowzy.AuthenticationService", "src\Microsoft.Knowzy.AuthenticationService\Microsoft.Knowzy.AuthenticationService.csproj", "{AFBDE57B-CC01-4742-8A92-733B46DB7B87}"
EndProject
Project("{FAE04EC0-301F-11D3-BF4B-00C04F79EFBC}") = "Microsoft.Knowzy.Common", "src\Microsoft.Knowzy.Common\Microsoft.Knowzy.Common.csproj", "{22637F77-A9C4-4872-960A-B7250D64B9DB}"
EndProject
Project("{FAE04EC0-301F-11D3-BF4B-00C04F79EFBC}") = "Microsoft.Knowzy.ConfigurationService", "src\Microsoft.Knowzy.ConfigurationService\Microsoft.Knowzy.ConfigurationService.csproj", "{9363B32C-DD7C-473C-BD80-8B3B8614985D}"
EndProject
Project("{FAE04EC0-301F-11D3-BF4B-00C04F79EFBC}") = "Microsoft.Knowzy.Domain", "src\Microsoft.Knowzy.Domain\Microsoft.Knowzy.Domain.csproj", "{B798FBA2-0BA2-4B92-8887-28B9509FCA73}"
EndProject
Project("{FAE04EC0-301F-11D3-BF4B-00C04F79EFBC}") = "Microsoft.Knowzy.JsonDataProvider", "src\Microsoft.Knowzy.JsonDataProvider\Microsoft.Knowzy.JsonDataProvider.csproj", "{9427D411-2728-4935-B700-70DA483C70D2}"
EndProject
Project("{C7167F0D-BC9F-4E6E-AFE1-012C56B48DB5}") = "PackagingProject", "src\PackagingProject\PackagingProject.wapproj", "{AC68FE79-DCCD-4C06-B6C8-DDC92C00824C}"
EndProject
Global
	GlobalSection(SolutionConfigurationPlatforms) = preSolution
		Debug|Any CPU = Debug|Any CPU
		Debug|x64 = Debug|x64
		Debug|x86 = Debug|x86
		Release|Any CPU = Release|Any CPU
		Release|x64 = Release|x64
		Release|x86 = Release|x86
	EndGlobalSection
	GlobalSection(ProjectConfigurationPlatforms) = postSolution
		{6AE4B565-6AE2-4FD5-8B8A-539AED27107B}.Debug|Any CPU.ActiveCfg = Debug|Any CPU
		{6AE4B565-6AE2-4FD5-8B8A-539AED27107B}.Debug|Any CPU.Build.0 = Debug|Any CPU
		{6AE4B565-6AE2-4FD5-8B8A-539AED27107B}.Debug|x64.ActiveCfg = Debug|Any CPU
		{6AE4B565-6AE2-4FD5-8B8A-539AED27107B}.Debug|x64.Build.0 = Debug|Any CPU
		{6AE4B565-6AE2-4FD5-8B8A-539AED27107B}.Debug|x86.ActiveCfg = Debug|Any CPU
		{6AE4B565-6AE2-4FD5-8B8A-539AED27107B}.Debug|x86.Build.0 = Debug|Any CPU
		{6AE4B565-6AE2-4FD5-8B8A-539AED27107B}.Release|Any CPU.ActiveCfg = Release|Any CPU
		{6AE4B565-6AE2-4FD5-8B8A-539AED27107B}.Release|Any CPU.Build.0 = Release|Any CPU
		{6AE4B565-6AE2-4FD5-8B8A-539AED27107B}.Release|x64.ActiveCfg = Release|Any CPU
		{6AE4B565-6AE2-4FD5-8B8A-539AED27107B}.Release|x64.Build.0 = Release|Any CPU
		{6AE4B565-6AE2-4FD5-8B8A-539AED27107B}.Release|x86.ActiveCfg = Release|Any CPU
		{6AE4B565-6AE2-4FD5-8B8A-539AED27107B}.Release|x86.Build.0 = Release|Any CPU
		{AFBDE57B-CC01-4742-8A92-733B46DB7B87}.Debug|Any CPU.ActiveCfg = Debug|Any CPU
		{AFBDE57B-CC01-4742-8A92-733B46DB7B87}.Debug|Any CPU.Build.0 = Debug|Any CPU
		{AFBDE57B-CC01-4742-8A92-733B46DB7B87}.Debug|x64.ActiveCfg = Debug|Any CPU
		{AFBDE57B-CC01-4742-8A92-733B46DB7B87}.Debug|x64.Build.0 = Debug|Any CPU
		{AFBDE57B-CC01-4742-8A92-733B46DB7B87}.Debug|x86.ActiveCfg = Debug|Any CPU
		{AFBDE57B-CC01-4742-8A92-733B46DB7B87}.Debug|x86.Build.0 = Debug|Any CPU
		{AFBDE57B-CC01-4742-8A92-733B46DB7B87}.Release|Any CPU.ActiveCfg = Release|Any CPU
		{AFBDE57B-CC01-4742-8A92-733B46DB7B87}.Release|Any CPU.Build.0 = Release|Any CPU
		{AFBDE57B-CC01-4742-8A92-733B46DB7B87}.Release|x64.ActiveCfg = Release|Any CPU
		{AFBDE57B-CC01-4742-8A92-733B46DB7B87}.Release|x64.Build.0 = Release|Any CPU
		{AFBDE57B-CC01-4742-8A92-733B46DB7B87}.Release|x86.ActiveCfg = Release|Any CPU
		{AFBDE57B-CC01-4742-8A92-733B46DB7B87}.Release|x86.Build.0 = Release|Any CPU
		{22637F77-A9C4-4872-960A-B7250D64B9DB}.Debug|Any CPU.ActiveCfg = Debug|Any CPU
		{22637F77-A9C4-4872-960A-B7250D64B9DB}.Debug|Any CPU.Build.0 = Debug|Any CPU
		{22637F77-A9C4-4872-960A-B7250D64B9DB}.Debug|x64.ActiveCfg = Debug|Any CPU
		{22637F77-A9C4-4872-960A-B7250D64B9DB}.Debug|x64.Build.0 = Debug|Any CPU
		{22637F77-A9C4-4872-960A-B7250D64B9DB}.Debug|x86.ActiveCfg = Debug|Any CPU
		{22637F77-A9C4-4872-960A-B7250D64B9DB}.Debug|x86.Build.0 = Debug|Any CPU
		{22637F77-A9C4-4872-960A-B7250D64B9DB}.Release|Any CPU.ActiveCfg = Release|Any CPU
		{22637F77-A9C4-4872-960A-B7250D64B9DB}.Release|Any CPU.Build.0 = Release|Any CPU
		{22637F77-A9C4-4872-960A-B7250D64B9DB}.Release|x64.ActiveCfg = Release|Any CPU
		{22637F77-A9C4-4872-960A-B7250D64B9DB}.Release|x64.Build.0 = Release|Any CPU
		{22637F77-A9C4-4872-960A-B7250D64B9DB}.Release|x86.ActiveCfg = Release|Any CPU
		{22637F77-A9C4-4872-960A-B7250D64B9DB}.Release|x86.Build.0 = Release|Any CPU
		{9363B32C-DD7C-473C-BD80-8B3B8614985D}.Debug|Any CPU.ActiveCfg = Debug|Any CPU
		{9363B32C-DD7C-473C-BD80-8B3B8614985D}.Debug|Any CPU.Build.0 = Debug|Any CPU
		{9363B32C-DD7C-473C-BD80-8B3B8614985D}.Debug|x64.ActiveCfg = Debug|Any CPU
		{9363B32C-DD7C-473C-BD80-8B3B8614985D}.Debug|x64.Build.0 = Debug|Any CPU
		{9363B32C-DD7C-473C-BD80-8B3B8614985D}.Debug|x86.ActiveCfg = Debug|Any CPU
		{9363B32C-DD7C-473C-BD80-8B3B8614985D}.Debug|x86.Build.0 = Debug|Any CPU
		{9363B32C-DD7C-473C-BD80-8B3B8614985D}.Release|Any CPU.ActiveCfg = Release|Any CPU
		{9363B32C-DD7C-473C-BD80-8B3B8614985D}.Release|Any CPU.Build.0 = Release|Any CPU
		{9363B32C-DD7C-473C-BD80-8B3B8614985D}.Release|x64.ActiveCfg = Release|Any CPU
		{9363B32C-DD7C-473C-BD80-8B3B8614985D}.Release|x64.Build.0 = Release|Any CPU
		{9363B32C-DD7C-473C-BD80-8B3B8614985D}.Release|x86.ActiveCfg = Release|Any CPU
		{9363B32C-DD7C-473C-BD80-8B3B8614985D}.Release|x86.Build.0 = Release|Any CPU
		{B798FBA2-0BA2-4B92-8887-28B9509FCA73}.Debug|Any CPU.ActiveCfg = Debug|Any CPU
		{B798FBA2-0BA2-4B92-8887-28B9509FCA73}.Debug|Any CPU.Build.0 = Debug|Any CPU
		{B798FBA2-0BA2-4B92-8887-28B9509FCA73}.Debug|x64.ActiveCfg = Debug|Any CPU
		{B798FBA2-0BA2-4B92-8887-28B9509FCA73}.Debug|x64.Build.0 = Debug|Any CPU
		{B798FBA2-0BA2-4B92-8887-28B9509FCA73}.Debug|x86.ActiveCfg = Debug|Any CPU
		{B798FBA2-0BA2-4B92-8887-28B9509FCA73}.Debug|x86.Build.0 = Debug|Any CPU
		{B798FBA2-0BA2-4B92-8887-28B9509FCA73}.Release|Any CPU.ActiveCfg = Release|Any CPU
		{B798FBA2-0BA2-4B92-8887-28B9509FCA73}.Release|Any CPU.Build.0 = Release|Any CPU
		{B798FBA2-0BA2-4B92-8887-28B9509FCA73}.Release|x64.ActiveCfg = Release|Any CPU
		{B798FBA2-0BA2-4B92-8887-28B9509FCA73}.Release|x64.Build.0 = Release|Any CPU
		{B798FBA2-0BA2-4B92-8887-28B9509FCA73}.Release|x86.ActiveCfg = Release|Any CPU
		{B798FBA2-0BA2-4B92-8887-28B9509FCA73}.Release|x86.Build.0 = Release|Any CPU
		{9427D411-2728-4935-B700-70DA483C70D2}.Debug|Any CPU.ActiveCfg = Debug|Any CPU
		{9427D411-2728-4935-B700-70DA483C70D2}.Debug|Any CPU.Build.0 = Debug|Any CPU
		{9427D411-2728-4935-B700-70DA483C70D2}.Debug|x64.ActiveCfg = Debug|Any CPU
		{9427D411-2728-4935-B700-70DA483C70D2}.Debug|x64.Build.0 = Debug|Any CPU
		{9427D411-2728-4935-B700-70DA483C70D2}.Debug|x86.ActiveCfg = Debug|Any CPU
		{9427D411-2728-4935-B700-70DA483C70D2}.Debug|x86.Build.0 = Debug|Any CPU
		{9427D411-2728-4935-B700-70DA483C70D2}.Release|Any CPU.ActiveCfg = Release|Any CPU
		{9427D411-2728-4935-B700-70DA483C70D2}.Release|Any CPU.Build.0 = Release|Any CPU
		{9427D411-2728-4935-B700-70DA483C70D2}.Release|x64.ActiveCfg = Release|Any CPU
		{9427D411-2728-4935-B700-70DA483C70D2}.Release|x64.Build.0 = Release|Any CPU
		{9427D411-2728-4935-B700-70DA483C70D2}.Release|x86.ActiveCfg = Release|Any CPU
		{9427D411-2728-4935-B700-70DA483C70D2}.Release|x86.Build.0 = Release|Any CPU
		{AC68FE79-DCCD-4C06-B6C8-DDC92C00824C}.Debug|Any CPU.ActiveCfg = Debug|Any CPU
		{AC68FE79-DCCD-4C06-B6C8-DDC92C00824C}.Debug|Any CPU.Build.0 = Debug|Any CPU
		{AC68FE79-DCCD-4C06-B6C8-DDC92C00824C}.Debug|Any CPU.Deploy.0 = Debug|Any CPU
		{AC68FE79-DCCD-4C06-B6C8-DDC92C00824C}.Debug|x64.ActiveCfg = Debug|x64
		{AC68FE79-DCCD-4C06-B6C8-DDC92C00824C}.Debug|x64.Build.0 = Debug|x64
		{AC68FE79-DCCD-4C06-B6C8-DDC92C00824C}.Debug|x64.Deploy.0 = Debug|x64
		{AC68FE79-DCCD-4C06-B6C8-DDC92C00824C}.Debug|x86.ActiveCfg = Debug|x86
		{AC68FE79-DCCD-4C06-B6C8-DDC92C00824C}.Debug|x86.Build.0 = Debug|x86
		{AC68FE79-DCCD-4C06-B6C8-DDC92C00824C}.Debug|x86.Deploy.0 = Debug|x86
		{AC68FE79-DCCD-4C06-B6C8-DDC92C00824C}.Release|Any CPU.ActiveCfg = Release|Any CPU
		{AC68FE79-DCCD-4C06-B6C8-DDC92C00824C}.Release|Any CPU.Build.0 = Release|Any CPU
		{AC68FE79-DCCD-4C06-B6C8-DDC92C00824C}.Release|Any CPU.Deploy.0 = Release|Any CPU
		{AC68FE79-DCCD-4C06-B6C8-DDC92C00824C}.Release|x64.ActiveCfg = Release|x64
		{AC68FE79-DCCD-4C06-B6C8-DDC92C00824C}.Release|x64.Build.0 = Release|x64
		{AC68FE79-DCCD-4C06-B6C8-DDC92C00824C}.Release|x64.Deploy.0 = Release|x64
		{AC68FE79-DCCD-4C06-B6C8-DDC92C00824C}.Release|x86.ActiveCfg = Release|x86
		{AC68FE79-DCCD-4C06-B6C8-DDC92C00824C}.Release|x86.Build.0 = Release|x86
		{AC68FE79-DCCD-4C06-B6C8-DDC92C00824C}.Release|x86.Deploy.0 = Release|x86
	EndGlobalSection
	GlobalSection(SolutionProperties) = preSolution
		HideSolutionNode = FALSE
	EndGlobalSection
	GlobalSection(ExtensibilityGlobals) = postSolution
		SolutionGuid = {4663FF2C-0F21-45D1-A038-C98C97471345}
	EndGlobalSection
EndGlobal
