
Microsoft Visual Studio Solution File, Format Version 12.00
# Visual Studio 15
VisualStudioVersion = 15.0.26430.6
MinimumVisualStudioVersion = 10.0.40219.1
Project("{2150E333-8FDC-42A3-9474-1A3956D46DE8}") = "1. WebApp", "1. WebApp", "{5E1CA1D9-F3CB-4F30-B3C1-81B982BAB6ED}"
EndProject
Project("{2150E333-8FDC-42A3-9474-1A3956D46DE8}") = "2. Services", "2. Services", "{1C09AF31-89F7-4A97-8748-A4CCB64065CB}"
EndProject
Project("{9A19103F-16F7-4668-BE54-9A1E7A4F7556}") = "Microsoft.Knowzy.WebApp", "src\1. WebApp\Microsoft.Knowzy.WebApp\Microsoft.Knowzy.WebApp.csproj", "{070ED63D-F89A-42E1-B5FA-EF885DBD7431}"
EndProject
Project("{2150E333-8FDC-42A3-9474-1A3956D46DE8}") = "3. Domain", "3. Domain", "{1E29BA0E-66F1-4F2B-B1EB-1F5DD0C20205}"
EndProject
Project("{9A19103F-16F7-4668-BE54-9A1E7A4F7556}") = "Microsoft.Knowzy.Domain", "src\3. Domain\Microsoft.Knowzy.Domain\Microsoft.Knowzy.Domain.csproj", "{E4974A16-BCF5-4D76-B3F9-533FF5A748AA}"
EndProject
Project("{9A19103F-16F7-4668-BE54-9A1E7A4F7556}") = "Microsoft.Knowzy.Models", "src\3. Domain\Microsoft.Knowzy.Models\Microsoft.Knowzy.Models.csproj", "{0F15636A-FE82-47FF-90B1-17FE0227514D}"
EndProject
Project("{2150E333-8FDC-42A3-9474-1A3956D46DE8}") = "Repositories", "Repositories", "{71F90FF4-2E48-4332-B60B-4FD4D4973C21}"
EndProject
Project("{9A19103F-16F7-4668-BE54-9A1E7A4F7556}") = "Micrososft.Knowzy.Repositories.Contracts", "src\2. Services\Repositories\Micrososft.Knowzy.Repositories.Contracts\Micrososft.Knowzy.Repositories.Contracts.csproj", "{F5BF09A0-1C15-4C1B-8245-E2F5FC6E358F}"
EndProject
Project("{9A19103F-16F7-4668-BE54-9A1E7A4F7556}") = "Microsoft.Knowzy.Repositories.Core", "src\2. Services\Repositories\Microsoft.Knowzy.Repositories.Core\Microsoft.Knowzy.Repositories.Core.csproj", "{B1FEBDD7-8A67-4E71-83B8-4B068792637D}"
EndProject
Global
	GlobalSection(SolutionConfigurationPlatforms) = preSolution
		Debug|Any CPU = Debug|Any CPU
		Release|Any CPU = Release|Any CPU
	EndGlobalSection
	GlobalSection(ProjectConfigurationPlatforms) = postSolution
		{070ED63D-F89A-42E1-B5FA-EF885DBD7431}.Debug|Any CPU.ActiveCfg = Debug|Any CPU
		{070ED63D-F89A-42E1-B5FA-EF885DBD7431}.Debug|Any CPU.Build.0 = Debug|Any CPU
		{070ED63D-F89A-42E1-B5FA-EF885DBD7431}.Release|Any CPU.ActiveCfg = Release|Any CPU
		{070ED63D-F89A-42E1-B5FA-EF885DBD7431}.Release|Any CPU.Build.0 = Release|Any CPU
		{E4974A16-BCF5-4D76-B3F9-533FF5A748AA}.Debug|Any CPU.ActiveCfg = Debug|Any CPU
		{E4974A16-BCF5-4D76-B3F9-533FF5A748AA}.Debug|Any CPU.Build.0 = Debug|Any CPU
		{E4974A16-BCF5-4D76-B3F9-533FF5A748AA}.Release|Any CPU.ActiveCfg = Release|Any CPU
		{E4974A16-BCF5-4D76-B3F9-533FF5A748AA}.Release|Any CPU.Build.0 = Release|Any CPU
		{0F15636A-FE82-47FF-90B1-17FE0227514D}.Debug|Any CPU.ActiveCfg = Debug|Any CPU
		{0F15636A-FE82-47FF-90B1-17FE0227514D}.Debug|Any CPU.Build.0 = Debug|Any CPU
		{0F15636A-FE82-47FF-90B1-17FE0227514D}.Release|Any CPU.ActiveCfg = Release|Any CPU
		{0F15636A-FE82-47FF-90B1-17FE0227514D}.Release|Any CPU.Build.0 = Release|Any CPU
		{F5BF09A0-1C15-4C1B-8245-E2F5FC6E358F}.Debug|Any CPU.ActiveCfg = Debug|Any CPU
		{F5BF09A0-1C15-4C1B-8245-E2F5FC6E358F}.Debug|Any CPU.Build.0 = Debug|Any CPU
		{F5BF09A0-1C15-4C1B-8245-E2F5FC6E358F}.Release|Any CPU.ActiveCfg = Release|Any CPU
		{F5BF09A0-1C15-4C1B-8245-E2F5FC6E358F}.Release|Any CPU.Build.0 = Release|Any CPU
		{B1FEBDD7-8A67-4E71-83B8-4B068792637D}.Debug|Any CPU.ActiveCfg = Debug|Any CPU
		{B1FEBDD7-8A67-4E71-83B8-4B068792637D}.Debug|Any CPU.Build.0 = Debug|Any CPU
		{B1FEBDD7-8A67-4E71-83B8-4B068792637D}.Release|Any CPU.ActiveCfg = Release|Any CPU
		{B1FEBDD7-8A67-4E71-83B8-4B068792637D}.Release|Any CPU.Build.0 = Release|Any CPU
	EndGlobalSection
	GlobalSection(SolutionProperties) = preSolution
		HideSolutionNode = FALSE
	EndGlobalSection
	GlobalSection(NestedProjects) = preSolution
		{070ED63D-F89A-42E1-B5FA-EF885DBD7431} = {5E1CA1D9-F3CB-4F30-B3C1-81B982BAB6ED}
		{E4974A16-BCF5-4D76-B3F9-533FF5A748AA} = {1E29BA0E-66F1-4F2B-B1EB-1F5DD0C20205}
		{0F15636A-FE82-47FF-90B1-17FE0227514D} = {1E29BA0E-66F1-4F2B-B1EB-1F5DD0C20205}
		{71F90FF4-2E48-4332-B60B-4FD4D4973C21} = {1C09AF31-89F7-4A97-8748-A4CCB64065CB}
		{F5BF09A0-1C15-4C1B-8245-E2F5FC6E358F} = {71F90FF4-2E48-4332-B60B-4FD4D4973C21}
		{B1FEBDD7-8A67-4E71-83B8-4B068792637D} = {71F90FF4-2E48-4332-B60B-4FD4D4973C21}
	EndGlobalSection
EndGlobal
