
Microsoft Visual Studio Solution File, Format Version 12.00
# Visual Studio 15
VisualStudioVersion = 15.0.27004.2005
MinimumVisualStudioVersion = 10.0.40219.1
Project("{FAE04EC0-301F-11D3-BF4B-00C04F79EFBC}") = "Microsoft.Knowzy.WPF", "src\Microsoft.Knowzy.WPF\Microsoft.Knowzy.WPF.csproj", "{6AE4B565-6AE2-4FD5-8B8A-539AED27107B}"
EndProject
Project("{2150E333-8FDC-42A3-9474-1A3956D46DE8}") = "src", "src", "{494D40EA-694C-49FA-8347-840B8BF1BAD6}"
EndProject
Project("{2150E333-8FDC-42A3-9474-1A3956D46DE8}") = "Solution Items", "Solution Items", "{0202C4AB-A98F-4526-8AFB-5814E1571BF0}"
	ProjectSection(SolutionItems) = preProject
		.gitattributes = .gitattributes
		.gitignore = .gitignore
		README.md = README.md
	EndProjectSection
EndProject
Project("{FAE04EC0-301F-11D3-BF4B-00C04F79EFBC}") = "Microsoft.Knowzy.AuthenticationService", "src\Microsoft.Knowzy.AuthenticationService\Microsoft.Knowzy.AuthenticationService.csproj", "{AFBDE57B-CC01-4742-8A92-733B46DB7B87}"
EndProject
Project("{FAE04EC0-301F-11D3-BF4B-00C04F79EFBC}") = "Microsoft.Knowzy.Common", "src\Microsoft.Knowzy.Common\Microsoft.Knowzy.Common.csproj", "{22637F77-A9C4-4872-960A-B7250D64B9DB}"
EndProject
Project("{FAE04EC0-301F-11D3-BF4B-00C04F79EFBC}") = "Microsoft.Knowzy.ConfigurationService", "src\Microsoft.Knowzy.ConfigurationService\Microsoft.Knowzy.ConfigurationService.csproj", "{01EF3CFF-D354-4B3F-B4B3-CA1863CCD686}"
EndProject
Project("{FAE04EC0-301F-11D3-BF4B-00C04F79EFBC}") = "Microsoft.Knowzy.Domain", "src\Microsoft.Knowzy.Domain\Microsoft.Knowzy.Domain.csproj", "{B798FBA2-0BA2-4B92-8887-28B9509FCA73}"
EndProject
Project("{FAE04EC0-301F-11D3-BF4B-00C04F79EFBC}") = "Microsoft.Knowzy.JsonDataProvider", "src\Microsoft.Knowzy.JsonDataProvider\Microsoft.Knowzy.JsonDataProvider.csproj", "{8B422449-2C55-4433-AD84-0781FFCDF149}"
EndProject
Global
	GlobalSection(SolutionConfigurationPlatforms) = preSolution
		Debug|Any CPU = Debug|Any CPU
		Release|Any CPU = Release|Any CPU
	EndGlobalSection
	GlobalSection(ProjectConfigurationPlatforms) = postSolution
		{6AE4B565-6AE2-4FD5-8B8A-539AED27107B}.Debug|Any CPU.ActiveCfg = Debug|Any CPU
		{6AE4B565-6AE2-4FD5-8B8A-539AED27107B}.Debug|Any CPU.Build.0 = Debug|Any CPU
		{6AE4B565-6AE2-4FD5-8B8A-539AED27107B}.Release|Any CPU.ActiveCfg = Release|Any CPU
		{6AE4B565-6AE2-4FD5-8B8A-539AED27107B}.Release|Any CPU.Build.0 = Release|Any CPU
		{AFBDE57B-CC01-4742-8A92-733B46DB7B87}.Debug|Any CPU.ActiveCfg = Debug|Any CPU
		{AFBDE57B-CC01-4742-8A92-733B46DB7B87}.Debug|Any CPU.Build.0 = Debug|Any CPU
		{AFBDE57B-CC01-4742-8A92-733B46DB7B87}.Release|Any CPU.ActiveCfg = Release|Any CPU
		{AFBDE57B-CC01-4742-8A92-733B46DB7B87}.Release|Any CPU.Build.0 = Release|Any CPU
		{22637F77-A9C4-4872-960A-B7250D64B9DB}.Debug|Any CPU.ActiveCfg = Debug|Any CPU
		{22637F77-A9C4-4872-960A-B7250D64B9DB}.Debug|Any CPU.Build.0 = Debug|Any CPU
		{22637F77-A9C4-4872-960A-B7250D64B9DB}.Release|Any CPU.ActiveCfg = Release|Any CPU
		{22637F77-A9C4-4872-960A-B7250D64B9DB}.Release|Any CPU.Build.0 = Release|Any CPU
		{01EF3CFF-D354-4B3F-B4B3-CA1863CCD686}.Debug|Any CPU.ActiveCfg = Debug|Any CPU
		{01EF3CFF-D354-4B3F-B4B3-CA1863CCD686}.Debug|Any CPU.Build.0 = Debug|Any CPU
		{01EF3CFF-D354-4B3F-B4B3-CA1863CCD686}.Release|Any CPU.ActiveCfg = Release|Any CPU
		{01EF3CFF-D354-4B3F-B4B3-CA1863CCD686}.Release|Any CPU.Build.0 = Release|Any CPU
		{B798FBA2-0BA2-4B92-8887-28B9509FCA73}.Debug|Any CPU.ActiveCfg = Debug|Any CPU
		{B798FBA2-0BA2-4B92-8887-28B9509FCA73}.Debug|Any CPU.Build.0 = Debug|Any CPU
		{B798FBA2-0BA2-4B92-8887-28B9509FCA73}.Release|Any CPU.ActiveCfg = Release|Any CPU
		{B798FBA2-0BA2-4B92-8887-28B9509FCA73}.Release|Any CPU.Build.0 = Release|Any CPU
		{8B422449-2C55-4433-AD84-0781FFCDF149}.Debug|Any CPU.ActiveCfg = Debug|Any CPU
		{8B422449-2C55-4433-AD84-0781FFCDF149}.Debug|Any CPU.Build.0 = Debug|Any CPU
		{8B422449-2C55-4433-AD84-0781FFCDF149}.Release|Any CPU.ActiveCfg = Release|Any CPU
		{8B422449-2C55-4433-AD84-0781FFCDF149}.Release|Any CPU.Build.0 = Release|Any CPU
	EndGlobalSection
	GlobalSection(SolutionProperties) = preSolution
		HideSolutionNode = FALSE
	EndGlobalSection
	GlobalSection(ExtensibilityGlobals) = postSolution
		SolutionGuid = {4663FF2C-0F21-45D1-A038-C98C97471345}
	EndGlobalSection
EndGlobal
