
Microsoft Visual Studio Solution File, Format Version 12.00
# Visual Studio 15
VisualStudioVersion = 15.0.27705.2000
MinimumVisualStudioVersion = 10.0.40219.1
Project("{FAE04EC0-301F-11D3-BF4B-00C04F79EFBC}") = "Microsoft.Graph.HOL", "Microsoft.Graph.HOL\Microsoft.Graph.HOL.csproj", "{85FF4DD3-84CF-4D48-9DDB-A8E460445D33}"
EndProject
Global
	GlobalSection(SolutionConfigurationPlatforms) = preSolution
		Debug|ARM = Debug|ARM
		Debug|x64 = Debug|x64
		Debug|x86 = Debug|x86
		Release|ARM = Release|ARM
		Release|x64 = Release|x64
		Release|x86 = Release|x86
	EndGlobalSection
	GlobalSection(ProjectConfigurationPlatforms) = postSolution
		{85FF4DD3-84CF-4D48-9DDB-A8E460445D33}.Debug|ARM.ActiveCfg = Debug|ARM
		{85FF4DD3-84CF-4D48-9DDB-A8E460445D33}.Debug|ARM.Build.0 = Debug|ARM
		{85FF4DD3-84CF-4D48-9DDB-A8E460445D33}.Debug|ARM.Deploy.0 = Debug|ARM
		{85FF4DD3-84CF-4D48-9DDB-A8E460445D33}.Debug|x64.ActiveCfg = Debug|x64
		{85FF4DD3-84CF-4D48-9DDB-A8E460445D33}.Debug|x64.Build.0 = Debug|x64
		{85FF4DD3-84CF-4D48-9DDB-A8E460445D33}.Debug|x64.Deploy.0 = Debug|x64
		{85FF4DD3-84CF-4D48-9DDB-A8E460445D33}.Debug|x86.ActiveCfg = Debug|x86
		{85FF4DD3-84CF-4D48-9DDB-A8E460445D33}.Debug|x86.Build.0 = Debug|x86
		{85FF4DD3-84CF-4D48-9DDB-A8E460445D33}.Debug|x86.Deploy.0 = Debug|x86
		{85FF4DD3-84CF-4D48-9DDB-A8E460445D33}.Release|ARM.ActiveCfg = Release|ARM
		{85FF4DD3-84CF-4D48-9DDB-A8E460445D33}.Release|ARM.Build.0 = Release|ARM
		{85FF4DD3-84CF-4D48-9DDB-A8E460445D33}.Release|ARM.Deploy.0 = Release|ARM
		{85FF4DD3-84CF-4D48-9DDB-A8E460445D33}.Release|x64.ActiveCfg = Release|x64
		{85FF4DD3-84CF-4D48-9DDB-A8E460445D33}.Release|x64.Build.0 = Release|x64
		{85FF4DD3-84CF-4D48-9DDB-A8E460445D33}.Release|x64.Deploy.0 = Release|x64
		{85FF4DD3-84CF-4D48-9DDB-A8E460445D33}.Release|x86.ActiveCfg = Release|x86
		{85FF4DD3-84CF-4D48-9DDB-A8E460445D33}.Release|x86.Build.0 = Release|x86
		{85FF4DD3-84CF-4D48-9DDB-A8E460445D33}.Release|x86.Deploy.0 = Release|x86
	EndGlobalSection
	GlobalSection(SolutionProperties) = preSolution
		HideSolutionNode = FALSE
	EndGlobalSection
	GlobalSection(ExtensibilityGlobals) = postSolution
		SolutionGuid = {7DF5D1ED-6CD2-40EF-B423-F78159C22D89}
	EndGlobalSection
EndGlobal
